PODS:
  - MultiSelectSegmentedControl (2.3.6):
    - SweeterSwift
  - Siren (5.8.1)
  - SweeterSwift (1.2.1)

DEPENDENCIES:
  - MultiSelectSegmentedControl
  - Siren

SPEC REPOS:
  trunk:
    - MultiSelectSegmentedControl
    - Siren
    - SweeterSwift

SPEC CHECKSUMS:
  MultiSelectSegmentedControl: 37fcb70250c2e6ec0aff942c15c294161dc7c11b
  Siren: de768099aff1f1c9acda4247064788a4940b4bf3
  SweeterSwift: 61baeda1c0c27d1dc57c8112c3d6a82e5aff3139

PODFILE CHECKSUM: 62e46d23db6f04e00a6b3dce8aa992aa2b11aa24

COCOAPODS: 1.11.3
